version = 1
revision = 2
requires-python = ">=3.13.2"

[[package]]
name = "bitarray"
version = "3.3.2"
source = { registry = "https://pypi.org/simple" }
sdist = { url = "https://files.pythonhosted.org/packages/10/85/65a7d3725665cb9a8ea1273b8ded5a8a4064686d51e320cadfecc7b4902f/bitarray-3.3.2.tar.gz", hash = "sha256:e91ddcdf4075de26234ae74b60cdd39e170e3e4fafa1c593ecc28749e9b165e2", size = 138926, upload-time = "2025-05-02T19:55:14.369Z" }
wheels = [
    { url = "https://files.pythonhosted.org/packages/06/c8/4d9f267719bd1b41bfba36046311d5bdf281c3b870a05ef699b659106f00/bitarray-3.3.2-cp313-cp313-macosx_10_13_x86_64.whl", hash = "sha256:91e24383bfc4d0c6c9d993424c5c99a85e8c40b567449573b90decd43d488888", size = 137018, upload-time = "2025-05-02T19:52:04.472Z" },
    { url = "https://files.pythonhosted.org/packages/43/30/7494e0e241fd2f65718cddc7122b4c4d2e93a1a73829ce1f0231392db306/bitarray-3.3.2-cp313-cp313-macosx_11_0_arm64.whl", hash = "sha256:d5f8ea6460051ce8923cabbae42f9af1837e10ae795c2febb5e79e2ffca6fa1b", size = 134041, upload-time = "2025-05-02T19:52:06.365Z" },
    { url = "https://files.pythonhosted.org/packages/0b/f3/b592078c395a0b96bccb04da768a7eb329228889f69de9a25aaa7dcf6fec/bitarray-3.3.2-cp313-cp313-manylinux_2_17_aarch64.manylinux2014_aarch64.whl", hash = "sha256:6407849448baeead1adef13d1e4449223d7d08558c40918d7e4f07e53aa138cd", size = 307778, upload-time = "2025-05-02T19:52:07.84Z" },
    { url = "https://files.pythonhosted.org/packages/f4/59/261749f6327fb1f7db94c57b597416d8494f9691eea82c534c19174c8bf3/bitarray-3.3.2-cp313-cp313-manylinux_2_17_ppc64le.manylinux2014_ppc64le.whl", hash = "sha256:938559bb457966f9bae5b7ff64a5ee9d0450c0cdce0b63ff9b7e8ca50131c514", size = 321910, upload-time = "2025-05-02T19:52:09.472Z" },
    { url = "https://files.pythonhosted.org/packages/2d/14/0c0e594c29a236549cae0d604b911787b088493d6a537c1696d62bebdeba/bitarray-3.3.2-cp313-cp313-manylinux_2_17_s390x.manylinux2014_s390x.whl", hash = "sha256:f73bc95ac3afebc5e1c6236a8c20b31089860f55ef633fd4e28ca85e21938827", size = 315966, upload-time = "2025-05-02T19:52:11.417Z" },
    { url = "https://files.pythonhosted.org/packages/9a/34/3e6860c6d55a17e52c0834b8302a296fa796cd642a2a532ebc3ec0cd621f/bitarray-3.3.2-cp313-cp313-manylinux_2_17_x86_64.manylinux2014_x86_64.whl", hash = "sha256:4acedcc2ff904a9798d34659053d7158f0d74b230b7d417783362a6ef33e891f", size = 308362, upload-time = "2025-05-02T19:52:13.206Z" },
    { url = "https://files.pythonhosted.org/packages/c5/b8/7e5bd6178f0df50825d2e8eed58ff1178372c10b3b7a3eab3935b47398bf/bitarray-3.3.2-cp313-cp313-manylinux_2_5_i686.manylinux1_i686.manylinux_2_17_i686.manylinux2014_i686.whl", hash = "sha256:900faf30692c2ec8f4d5c44d3c5bc074b6ec85a20fb670a9f0959edb0bdc1cfe", size = 296206, upload-time = "2025-05-02T19:52:15.095Z" },
    { url = "https://files.pythonhosted.org/packages/da/5b/8e04fffedd273211fb0a631e8b4823a2d25d9aad9da8cebb13564d98d3c2/bitarray-3.3.2-cp313-cp313-musllinux_1_2_aarch64.whl", hash = "sha256:b8b253d8c7779c7ab33fce8a401fee06aa378244ca235f110deaa09679a16535", size = 301130, upload-time = "2025-05-02T19:52:16.948Z" },
    { url = "https://files.pythonhosted.org/packages/cb/64/ac4188f797f9b2ff693b069a34ec608945741a27084a7e11467f74a5a2cd/bitarray-3.3.2-cp313-cp313-musllinux_1_2_i686.whl", hash = "sha256:fefebc0f40dec700f3b1d4172336ac109061cd7340a6f21bd091042077c23346", size = 292523, upload-time = "2025-05-02T19:52:19.015Z" },
    { url = "https://files.pythonhosted.org/packages/3c/15/42c1138625e48a6950cd0a908d8f154319ba7ab732aaef052aea7274be1a/bitarray-3.3.2-cp313-cp313-musllinux_1_2_ppc64le.whl", hash = "sha256:5fd2aad6341d8900299e3af500a6c4f92e3cd9262ab41f19bd280b4ae74450c6", size = 316568, upload-time = "2025-05-02T19:52:20.917Z" },
    { url = "https://files.pythonhosted.org/packages/a1/1b/475a19a081c2ff117dc5943141733779166ae84ed80c726a74f82520c9b8/bitarray-3.3.2-cp313-cp313-musllinux_1_2_s390x.whl", hash = "sha256:61aed5ce5ab6019b3b3edb7e184b7e9a51a39ca966379ed5325bf9b0e825f549", size = 321692, upload-time = "2025-05-02T19:52:23.132Z" },
    { url = "https://files.pythonhosted.org/packages/2d/9e/bd629cad8706bd6cb00eba5ed732ab88b4350a1332ea4a7bf3d69088c87e/bitarray-3.3.2-cp313-cp313-musllinux_1_2_x86_64.whl", hash = "sha256:eb8d9c7a17609cee20dca8e44af182edcbdaad2a753ff3d5a2e9a1407028a2a7", size = 300309, upload-time = "2025-05-02T19:52:25.324Z" },
    { url = "https://files.pythonhosted.org/packages/7b/8f/4b4f85f535498e4c527379dcaa143b0c5e0454369205db468dbc754e12ed/bitarray-3.3.2-cp313-cp313-win32.whl", hash = "sha256:21fcb013cb9b1d4d46072a2ec6c380c7999b3cecd401ccf4aac2fef3ab398caf", size = 130562, upload-time = "2025-05-02T19:52:27.495Z" },
    { url = "https://files.pythonhosted.org/packages/a9/16/d1b877a7211c0254bad2c3980c3cef920ed695557f5fae9ec552bb54c1e2/bitarray-3.3.2-cp313-cp313-win_amd64.whl", hash = "sha256:7da29e6056d5b4575399f6e378e6a37751d7dd7eaa2566a2775b703ec2663978", size = 137520, upload-time = "2025-05-02T19:52:28.982Z" },
]

[[package]]
name = "sas"
version = "0.1.0"
source = { virtual = "." }
dependencies = [
    { name = "bitarray" },
]

[package.metadata]
requires-dist = [{ name = "bitarray", specifier = "==3.3.2" }]
