version = 1
revision = 2
requires-python = ">=3.13.2"

[[package]]
name = "bitarray"
version = "3.4.0"
source = { registry = "https://pypi.org/simple" }
sdist = { url = "https://files.pythonhosted.org/packages/17/7b/148091d4696b38a0b14ce495e64736472cc04b0757cc8b5e7846a1cf78a9/bitarray-3.4.0.tar.gz", hash = "sha256:33eee090eade2c8303bfc01a9e104fea306d330035b18b5c50a04cb0cb76f08d", size = 141279, upload-time = "2025-05-06T23:02:48.662Z" }
wheels = [
    { url = "https://files.pythonhosted.org/packages/e3/19/9d6c8697e16b1a868cc3331e164b8a54c118f87384b5bfc506daa40ecff7/bitarray-3.4.0-cp313-cp313-macosx_10_13_x86_64.whl", hash = "sha256:b238e48844645ac397cfc67f5c8df86d640a9b33063c82ca2393a39e48b01c15", size = 139195, upload-time = "2025-05-06T23:00:13.585Z" },
    { url = "https://files.pythonhosted.org/packages/46/eb/ae718c3787d5b57f167543eb92085656ec418bf6fab3e733cab2f285b9e3/bitarray-3.4.0-cp313-cp313-macosx_11_0_arm64.whl", hash = "sha256:4292ef2a67ff6a3811e018c7e32c3ce4fb74c2f5c85257c06222895138df86f4", size = 136212, upload-time = "2025-05-06T23:00:15.151Z" },
    { url = "https://files.pythonhosted.org/packages/64/7d/a98e9838c24361ab5e510f1b3b06c03a5756b1e947d3f9f138eec614917d/bitarray-3.4.0-cp313-cp313-manylinux_2_17_aarch64.manylinux2014_aarch64.whl", hash = "sha256:27bb390521ba1032b95e31683fa9aed042222fca653760d5101435c2dbf28ede", size = 311738, upload-time = "2025-05-06T23:00:16.535Z" },
    { url = "https://files.pythonhosted.org/packages/e3/41/5dc90c32ac9eb50648a8a103eb788f4b68e75f90bedf2ab7da1f556dad60/bitarray-3.4.0-cp313-cp313-manylinux_2_17_ppc64le.manylinux2014_ppc64le.whl", hash = "sha256:c2984abfc4e6281e703675280edbcf7618fa6983367d1fb4822b41917e2c3490", size = 325631, upload-time = "2025-05-06T23:00:18.009Z" },
    { url = "https://files.pythonhosted.org/packages/a3/96/d136b999b25522c9f679224eb782caf4444a6b0a6d6112828830a59436e8/bitarray-3.4.0-cp313-cp313-manylinux_2_17_s390x.manylinux2014_s390x.whl", hash = "sha256:ae10e24915c7d84f5edb39d5385455b961c66e90a40b786cfcfba59f8399999e", size = 319420, upload-time = "2025-05-06T23:00:19.296Z" },
    { url = "https://files.pythonhosted.org/packages/f1/6b/8f7b9b40e2c6d3a281f658650076ba3bd4a993c460555d7fc83188a21cf5/bitarray-3.4.0-cp313-cp313-manylinux_2_17_x86_64.manylinux2014_x86_64.whl", hash = "sha256:d5c10255889045479b86405dd040c58e77ccf4f63a0e6e686d341b5fd8fa32c2", size = 311742, upload-time = "2025-05-06T23:00:20.943Z" },
    { url = "https://files.pythonhosted.org/packages/5f/e4/e6b783745d43bd4ce3120213f14e3758d93d5a3cabfbc476b18a803b6aa6/bitarray-3.4.0-cp313-cp313-manylinux_2_5_i686.manylinux1_i686.manylinux_2_17_i686.manylinux2014_i686.whl", hash = "sha256:d62db2fbf0a923ecbf5b71babc9deabd5ccea74d275bf74a5e37c050238d8f6a", size = 299863, upload-time = "2025-05-06T23:00:22.6Z" },
    { url = "https://files.pythonhosted.org/packages/d1/a2/7e70a2cee6db8bc951c4bea3b646a327c859b3072ef0ae9e1f997a09ab26/bitarray-3.4.0-cp313-cp313-musllinux_1_2_aarch64.whl", hash = "sha256:1babc8dba17fad7409ca1cfe6ec4b89d175070f20d2c6f97f87d1c257be4aea9", size = 304969, upload-time = "2025-05-06T23:00:23.922Z" },
    { url = "https://files.pythonhosted.org/packages/c1/30/f6c7da738d9e1a87c8329670cdbd3920849bb09fca783a2952d43643fb26/bitarray-3.4.0-cp313-cp313-musllinux_1_2_i686.whl", hash = "sha256:a7eaed4731bd84504176ba5e0af3eba7a6e66afe208d5efb6a8779b66ecd51aa", size = 296171, upload-time = "2025-05-06T23:00:25.244Z" },
    { url = "https://files.pythonhosted.org/packages/ef/e4/0e1725a53d945da593291d5f61aee840a9fccdfaadc0f0282027daff7ba3/bitarray-3.4.0-cp313-cp313-musllinux_1_2_ppc64le.whl", hash = "sha256:2d0b70cf75f82c919fe486af185895a77644ac3621ea8bd5b5a82fd21c03c843", size = 320575, upload-time = "2025-05-06T23:00:26.54Z" },
    { url = "https://files.pythonhosted.org/packages/f1/a0/ff073f39227c0089c1e0c50fab09524a0f1e02fb323dc142202e68c48c49/bitarray-3.4.0-cp313-cp313-musllinux_1_2_s390x.whl", hash = "sha256:e1652bf956c8874c790fe78f0dcdc0de04d82ded81373759bfc05f427afd1ff3", size = 325140, upload-time = "2025-05-06T23:00:27.874Z" },
    { url = "https://files.pythonhosted.org/packages/c4/c1/0267051bbea0025da0f43e176df7695dff50ffe0a95edc4b826725418563/bitarray-3.4.0-cp313-cp313-musllinux_1_2_x86_64.whl", hash = "sha256:49a41a724693b9f15ac965f548c2f68f6ff7b0ab36a29009d82e99f7d402888b", size = 303791, upload-time = "2025-05-06T23:00:29.73Z" },
    { url = "https://files.pythonhosted.org/packages/e5/a6/bcef1426a16195f96fd905c1be68905d9f6addc1cd900ccd23875922ad78/bitarray-3.4.0-cp313-cp313-win32.whl", hash = "sha256:d3c0db664bffeb4bb80b228ed31773ccb701da11f266f9d8a56732e083e2cab0", size = 132487, upload-time = "2025-05-06T23:00:31.209Z" },
    { url = "https://files.pythonhosted.org/packages/f3/18/b69e211181f90f8a3b4ef8c7022fcdf0ebe1ad5701b68f60382195f48f66/bitarray-3.4.0-cp313-cp313-win_amd64.whl", hash = "sha256:340dd788dad07ad004b591925e4b906786aaefb6632ea9d9ac616913f3cafa4e", size = 139440, upload-time = "2025-05-06T23:00:32.716Z" },
]

[[package]]
name = "sas"
version = "0.1.0"
source = { virtual = "." }
dependencies = [
    { name = "bitarray" },
]

[package.metadata]
requires-dist = [{ name = "bitarray", specifier = "==3.4.0" }]
