{
  "nodes": {
    "nixpkgs": {
      "locked": {
        "lastModified": 1760891736,
        "narHash": "sha256-0YOeCGuTO0+5Y7XPzO8ROv+k6vjeNwPerQhMtzOtYnI=",
        "owner": "nixos",
        "repo": "nixpkgs",
        "rev": "ab2207651a74b27c9566ce52d473e44eef23100e",
        "type": "github"
      },
      "original": {
        "owner": "nixos",
        "repo": "nixpkgs",
        "type": "github"
      }
    },
    "root": {
      "inputs": {
        "nixpkgs": "nixpkgs"
      }
    }
  },
  "root": "root",
  "version": 7
}
