{
  "nodes": {
    "nixpkgs": {
      "locked": {
        "lastModified": 1768841363,
        "narHash": "sha256-Sj0eTbDXoH/HQuFokc52mtY2HfS8PXMrJd61T4VjI1Y=",
        "owner": "nixos",
        "repo": "nixpkgs",
        "rev": "cabf36cc769dadf7a8d8610b90b9f529e200ff69",
        "type": "github"
      },
      "original": {
        "owner": "nixos",
        "repo": "nixpkgs",
        "type": "github"
      }
    },
    "root": {
      "inputs": {
        "nixpkgs": "nixpkgs"
      }
    }
  },
  "root": "root",
  "version": 7
}
