{
  "nodes": {
    "nixpkgs": {
      "locked": {
        "lastModified": 1738538920,
        "narHash": "sha256-V9q0OndJ1axED6DsLXwLXzM3icqUtIq/vczAzaS+M4A=",
        "owner": "nixos",
        "repo": "nixpkgs",
        "rev": "d09f05e829f92aa480ede50128957c4670521762",
        "type": "github"
      },
      "original": {
        "owner": "nixos",
        "repo": "nixpkgs",
        "type": "github"
      }
    },
    "root": {
      "inputs": {
        "nixpkgs": "nixpkgs"
      }
    }
  },
  "root": "root",
  "version": 7
}
