{
  "nodes": {
    "nixpkgs": {
      "locked": {
        "lastModified": 1740361398,
        "narHash": "sha256-UgmEI1oNDXqSuIw27AIz9dmKw7eOQwV71JWrfQUXXxs=",
        "owner": "nixos",
        "repo": "nixpkgs",
        "rev": "84efa417bbc6a5f21a53f1221f91a5ef5de400b7",
        "type": "github"
      },
      "original": {
        "owner": "nixos",
        "repo": "nixpkgs",
        "type": "github"
      }
    },
    "root": {
      "inputs": {
        "nixpkgs": "nixpkgs"
      }
    }
  },
  "root": "root",
  "version": 7
}
