{
  "nodes": {
    "nixpkgs": {
      "locked": {
        "lastModified": 1734303123,
        "narHash": "sha256-R6KtZLZnep6k3d7yJg42DkVbXySEFLGDrhmu/B364t8=",
        "owner": "NixOS",
        "repo": "nixpkgs",
        "rev": "639295b1f6dc159631e7dec5a0b926ec2a2fdf9c",
        "type": "github"
      },
      "original": {
        "owner": "NixOS",
        "repo": "nixpkgs",
        "type": "github"
      }
    },
    "root": {
      "inputs": {
        "nixpkgs": "nixpkgs"
      }
    }
  },
  "root": "root",
  "version": 7
}
