{
  "nodes": {
    "nixpkgs": {
      "locked": {
        "lastModified": 1725839224,
        "narHash": "sha256-QfmN/UPEJxnRl8lG1xBOVmp/G/vT2r4ucltiYGPDw0w=",
        "owner": "NixOS",
        "repo": "nixpkgs",
        "rev": "49ba5e4e4523963870fdbd39a0cf42610d75aa57",
        "type": "github"
      },
      "original": {
        "owner": "NixOS",
        "repo": "nixpkgs",
        "type": "github"
      }
    },
    "root": {
      "inputs": {
        "nixpkgs": "nixpkgs"
      }
    }
  },
  "root": "root",
  "version": 7
}
