{
  "nodes": {
    "nixpkgs": {
      "locked": {
        "lastModified": 1740361989,
        "narHash": "sha256-tctMMxf3GmhfioUim4c4QiuvwIM5txlnNb1v43oWPpU=",
        "owner": "NixOS",
        "repo": "nixpkgs",
        "rev": "e09ab7d9fc403448021212fafcc5cc3a9fa59d1c",
        "type": "github"
      },
      "original": {
        "owner": "NixOS",
        "repo": "nixpkgs",
        "type": "github"
      }
    },
    "root": {
      "inputs": {
        "nixpkgs": "nixpkgs"
      }
    }
  },
  "root": "root",
  "version": 7
}
