{
  "nodes": {
    "nixpkgs": {
      "locked": {
        "lastModified": 1762737051,
        "narHash": "sha256-89F5Hg2gSG/c5DOtm1/leSqDneR0FpRFdJljNAOGXaM=",
        "owner": "NixOS",
        "repo": "nixpkgs",
        "rev": "eb909917b9d65c1e7ad6987301e5404afe7ebd4b",
        "type": "github"
      },
      "original": {
        "owner": "NixOS",
        "repo": "nixpkgs",
        "type": "github"
      }
    },
    "root": {
      "inputs": {
        "nixpkgs": "nixpkgs"
      }
    }
  },
  "root": "root",
  "version": 7
}
