{
  "nodes": {
    "nixpkgs": {
      "locked": {
        "lastModified": 1736353308,
        "narHash": "sha256-ZEHauvdah4Ca5gCa5nJumEG97Diq/tVck9L9BbAeKyk=",
        "owner": "nixos",
        "repo": "nixpkgs",
        "rev": "b77f86452193c3b391cac70abc5688c955c34ac3",
        "type": "github"
      },
      "original": {
        "owner": "nixos",
        "repo": "nixpkgs",
        "type": "github"
      }
    },
    "root": {
      "inputs": {
        "nixpkgs": "nixpkgs"
      }
    }
  },
  "root": "root",
  "version": 7
}
