{
  "nodes": {
    "nixpkgs": {
      "locked": {
        "lastModified": 1750298328,
        "narHash": "sha256-9mwoERlYH6JHy4z+YWa7xYHXTD8WevxKYBqeAUM0qFQ=",
        "owner": "nixos",
        "repo": "nixpkgs",
        "rev": "d9da68ed05076d444898e193dbe4248fcfbb778b",
        "type": "github"
      },
      "original": {
        "owner": "nixos",
        "repo": "nixpkgs",
        "type": "github"
      }
    },
    "root": {
      "inputs": {
        "nixpkgs": "nixpkgs"
      }
    }
  },
  "root": "root",
  "version": 7
}
