{
  "nodes": {
    "nixpkgs": {
      "locked": {
        "lastModified": 1755132092,
        "narHash": "sha256-pN4T3n/ZH2idhp4YN1b1urbYxEMfQJhIvMuEEXDVano=",
        "owner": "nixos",
        "repo": "nixpkgs",
        "rev": "9efea1325ba5f04a2a7bfa8d29db9534cc063563",
        "type": "github"
      },
      "original": {
        "owner": "nixos",
        "repo": "nixpkgs",
        "type": "github"
      }
    },
    "root": {
      "inputs": {
        "nixpkgs": "nixpkgs"
      }
    }
  },
  "root": "root",
  "version": 7
}
