{
  "nodes": {
    "nixpkgs": {
      "locked": {
        "lastModified": 1743395397,
        "narHash": "sha256-3iclWbAoVKcjx3BBVgRJ1LTFegVz6WCzkSRop+fmK7w=",
        "owner": "nixos",
        "repo": "nixpkgs",
        "rev": "fb313de0d81a814b187c33c0cf12e78f21c8ce27",
        "type": "github"
      },
      "original": {
        "owner": "nixos",
        "repo": "nixpkgs",
        "type": "github"
      }
    },
    "root": {
      "inputs": {
        "nixpkgs": "nixpkgs"
      }
    }
  },
  "root": "root",
  "version": 7
}
