{
  "nodes": {
    "nixpkgs": {
      "locked": {
        "lastModified": 1731975645,
        "narHash": "sha256-oICuoDypU9lL+f6Cg/QJ4q1CyCCE566Dx8ihnVvto8o=",
        "owner": "nixos",
        "repo": "nixpkgs",
        "rev": "b0d941edb4ceb521b310a08645de08b4c95142f0",
        "type": "github"
      },
      "original": {
        "owner": "nixos",
        "repo": "nixpkgs",
        "type": "github"
      }
    },
    "root": {
      "inputs": {
        "nixpkgs": "nixpkgs"
      }
    }
  },
  "root": "root",
  "version": 7
}
