{
  "nodes": {
    "nixpkgs": {
      "locked": {
        "lastModified": 1734924831,
        "narHash": "sha256-is8fXskNHxKCk2HiK50KHpP17gnJyP4+os9cfz3APSA=",
        "owner": "nixos",
        "repo": "nixpkgs",
        "rev": "9477b6cb827e0cb930fc4628107b510f3502f099",
        "type": "github"
      },
      "original": {
        "owner": "nixos",
        "repo": "nixpkgs",
        "type": "github"
      }
    },
    "root": {
      "inputs": {
        "nixpkgs": "nixpkgs"
      }
    }
  },
  "root": "root",
  "version": 7
}
