{
  "nodes": {
    "nixpkgs": {
      "locked": {
        "lastModified": 1733210193,
        "narHash": "sha256-x3fFv8vPXu8nGk30NwPKtuwa/EG1XnRb8wYvqTxviLY=",
        "owner": "nixos",
        "repo": "nixpkgs",
        "rev": "cce4fd54d92dfdf54ef3c2fbc1866cd565cda0cb",
        "type": "github"
      },
      "original": {
        "owner": "nixos",
        "repo": "nixpkgs",
        "type": "github"
      }
    },
    "root": {
      "inputs": {
        "nixpkgs": "nixpkgs"
      }
    }
  },
  "root": "root",
  "version": 7
}
