{
  "nodes": {
    "nixpkgs": {
      "locked": {
        "lastModified": 1739277855,
        "narHash": "sha256-aSxpZYJewxA3B0NyDugI3vCo+m5LNl6T3N/Py0KK9lQ=",
        "owner": "nixos",
        "repo": "nixpkgs",
        "rev": "55a2b16acfc8c8dae76d2cd63f6a383a60c3a33f",
        "type": "github"
      },
      "original": {
        "owner": "nixos",
        "repo": "nixpkgs",
        "type": "github"
      }
    },
    "root": {
      "inputs": {
        "nixpkgs": "nixpkgs"
      }
    }
  },
  "root": "root",
  "version": 7
}
