{
  "nodes": {
    "nixpkgs": {
      "locked": {
        "lastModified": 1761685132,
        "narHash": "sha256-Dy7FNfuuMUf60jVKOmMSyE+f89dNCCqlXge/gwX88vM=",
        "owner": "nixos",
        "repo": "nixpkgs",
        "rev": "c7c213cc85455b283d2ed16490b6cf36544dee41",
        "type": "github"
      },
      "original": {
        "owner": "nixos",
        "repo": "nixpkgs",
        "type": "github"
      }
    },
    "root": {
      "inputs": {
        "nixpkgs": "nixpkgs"
      }
    }
  },
  "root": "root",
  "version": 7
}
